{
    "_meta": {
        "hash": {
            "sha256": "478212ede7736e58ef0d5463869a75364a7055815bbc22dbb403fb8f9329a919"
        },
        "pipfile-spec": 6,
        "requires": {
            "python_version": "3.7"
        },
        "sources": [
            {
                "name": "pypi",
                "url": "https://pypi.org/simple",
                "verify_ssl": true
            }
        ]
    },
    "default": {
        "django": {
            "hashes": [
                "sha256:a32c22af23634e1d11425574dce756098e015a165be02e4690179889b207c7a8",
                "sha256:d6393918da830530a9516bbbcbf7f1214c3d733738779f06b0f649f49cc698c3"
            ],
            "index": "pypi",
            "version": "==2.1.5"
        },
        "django-appconf": {
            "hashes": [
                "sha256:6a4d9aea683b4c224d97ab8ee11ad2d29a37072c0c6c509896dd9857466fb261",
                "sha256:ddab987d14b26731352c01ee69c090a4ebfc9141ed223bef039d79587f22acd9"
            ],
            "version": "==1.0.2"
        },
        "django-bootstrap4": {
            "hashes": [
                "sha256:6db4a27b33851833e68b96344f9df063150dcace8d4787ebfc21eceb55196945"
            ],
            "index": "pypi",
            "version": "==0.0.6"
        },
        "django-compressor": {
            "hashes": [
                "sha256:7732676cfb9d58498dfb522b036f75f3f253f72ea1345ac036434fdc418c2e57",
                "sha256:9616570e5b08e92fa9eadc7a1b1b49639cce07ef392fc27c74230ab08075b30f"
            ],
            "index": "pypi",
            "version": "==2.2"
        },
        "django-countries": {
            "hashes": [
                "sha256:b141cba3adce58d7c3f1422be55f0b4deb265d4fdd7524e0f6ad6ab35299664f",
                "sha256:d906112bb66ee1e07be9644ed700d0644612c56df777e6e3af996a979a9866a2"
            ],
            "index": "pypi",
            "version": "==5.3.1"
        },
        "django-filter": {
            "hashes": [
                "sha256:6f4e4bc1a11151178520567b50320e5c32f8edb552139d93ea3e30613b886f56",
                "sha256:86c3925020c27d072cdae7b828aaa5d165c2032a629abbe3c3a1be1edae61c58"
            ],
            "index": "pypi",
            "version": "==2.0.0"
        },
        "django-haystack": {
            "hashes": [
                "sha256:8b54bcc926596765d0a3383d693bcdd76109c7abb6b2323b3984a39e3576028c"
            ],
            "index": "pypi",
            "version": "==2.8.1"
        },
        "django-localflavor": {
            "hashes": [
                "sha256:0cee94c4b8f0214a5ba7be7e935019a8c062f4e7726d1df4b1e453cb812b2039",
                "sha256:12ce98b13adcd68bb4babcd937d0ae5a0fd5801f71acaf9a6bf1784c218ef53c"
            ],
            "index": "pypi",
            "version": "==2.1"
        },
        "django-modeltranslation": {
            "hashes": [
                "sha256:254ebda6caea5683407e1fb3e45ceaa2275778c6dc2db2b9d4fec3df373c2cdd"
            ],
            "index": "pypi",
            "version": "==0.13b1"
        },
        "django-photologue": {
            "hashes": [
                "sha256:2a8b19e98d6cceb1fd254561821c9815d49cc449e3e89f8812da25062b1d2ea1",
                "sha256:908b7007dcdc45321dde48bdc0be162c77321d8741e1efd626932a840b4203f4"
            ],
            "index": "pypi",
            "version": "==3.8.1"
        },
        "django-sass-processor": {
            "hashes": [
                "sha256:6b0d017d969b5efefd69561a196a90eb3dc3b203ad30ab722ada6067006c7682"
            ],
            "index": "pypi",
            "version": "==0.7"
        },
        "django-sortedm2m": {
            "hashes": [
                "sha256:52942b5295efcf252b6bbff58be70365d9f5d59d2e6d0f1bf9d9f2d0dbef4814"
            ],
            "version": "==1.5.0"
        },
        "django-tinymce4-lite": {
            "hashes": [
                "sha256:56e8d0f30c10e989d7a8779d2ef83611d32f333eaed1970cc6d7a5ddea581aaa",
                "sha256:b80073d756e6fc58ee6d3865cb460363b5ab2fcd87f287544ac69f577f8e747d"
            ],
            "index": "pypi",
            "version": "==1.7.3"
        },
        "djangorestframework": {
            "hashes": [
                "sha256:607865b0bb1598b153793892101d881466bd5a991de12bd6229abb18b1c86136",
                "sha256:63f76cbe1e7d12b94c357d7e54401103b2e52aef0f7c1650d6c820ad708776e5"
            ],
            "index": "pypi",
            "version": "==3.9.0"
        },
        "docopt": {
            "hashes": [
                "sha256:49b3a825280bd66b3aa83585ef59c4a8c82f2c8a522dbe754a8bc8d08c85c491"
            ],
            "version": "==0.6.2"
        },
        "elasticsearch": {
            "hashes": [
                "sha256:bb8f9a365ba6650d599428538c8aed42033264661d8f7d353da59d5892305f72",
                "sha256:fead47ebfcaabd1c53dbfc21403eb99ac207eef76de8002fe11a1c8ec9589ce2"
            ],
            "index": "pypi",
            "version": "==2.4.1"
        },
        "exifread": {
            "hashes": [
                "sha256:4aa9d227db5c4cd65d87520076140a6f84e33363e08e649b87c7afec6bab60ab",
                "sha256:79e244f2eb466709029e8806fe5e2cdd557870c3db5f68954db0ef548d9320ad"
            ],
            "version": "==2.1.2"
        },
        "jsmin": {
            "hashes": [
                "sha256:b6df99b2cd1c75d9d342e4335b535789b8da9107ec748212706ef7bbe5c2553b"
            ],
            "version": "==2.2.2"
        },
        "libsass": {
            "hashes": [
                "sha256:0f2e421d3e5a53833243e0a5f2cf7ebe9812725a7f27a797c38f3c7190ce2a82",
                "sha256:1b74aff85f1560d629a070552ec67f9f0ff9a47446ffafddafad9944f7589ae1",
                "sha256:1cf80c04a77d36fd77f00b1ae0a269eee780d971fabd9d493b15d30de9857ae5",
                "sha256:1d55dfe8e91a15a7d72d7f8aca16e74da36899e70d911af66d7184f1c82e2b39",
                "sha256:23755425149fe0f576fd0ab7bcd151fe09400b2d980fe176c28f6c19e053c830",
                "sha256:4a434d5b713b97c4141fb71c59341d4ebff8669114b14c626af51e145a48710e",
                "sha256:4dcd5b546bed977276f97eb7a2a13cb7cbf0a38d672e7b5525b7587c8cabcf27",
                "sha256:62771c8ead9227579891814dd714be645243741aa23e5cb232ac0c245cf29a37",
                "sha256:727fb84326ffa930bc09fad8b706e77ada4d13b3adf35cce134962a434d7eccb",
                "sha256:7b9e7179b5f4fc32bc716f86e9ccaeb48ab90e7eb6648b339440346733af8828",
                "sha256:a0ffca466b35fb57f2afe1f1c5fd39b4c51a4107596d28ef8c0d3bb0962244b5",
                "sha256:bb9735066391189b3c0383254d20d59aaafb438d632d7de551c264f16486e773",
                "sha256:cbd5ee83d3603a2b2c2937d8f06acc07b30fd22642ea2460c966d4fd6217f1d0",
                "sha256:de1eae502764b3dde294d6652a0046489cf31008de190c4dd8d05e7f4b5e0d71",
                "sha256:e00b6c6d75a6e912990cbc23d48ddfdbfefc3e400c20be6593988839292248c5",
                "sha256:ed8beef197efc6e6ab0ad03cea0885b31cc11f226290783649b4dafe1fb2ea27"
            ],
            "index": "pypi",
            "version": "==0.14.5"
        },
        "markdown": {
            "hashes": [
                "sha256:9ba587db9daee7ec761cfc656272be6aabe2ed300fece21208e4aab2e457bc8f",
                "sha256:a856869c7ff079ad84a3e19cd87a64998350c2b94e9e08e44270faef33400f81"
            ],
            "index": "pypi",
            "version": "==2.6.11"
        },
        "num2words": {
            "hashes": [
                "sha256:c2b9ee11299f97a2c60ad71619b6344a975dbf65c44b7103077700706af4b378",
                "sha256:f2f561a8ee02b57e7f17837198d353f05ea1199792c4860da57322f7aa86d171"
            ],
            "index": "pypi",
            "version": "==0.5.9"
        },
        "pillow": {
            "hashes": [
                "sha256:00633bc2ec40313f4daf351855e506d296ec3c553f21b66720d0f1225ca84c6f",
                "sha256:040144ba422216aecf7577484865ade90e1a475f867301c48bf9fbd7579efd76",
                "sha256:16246261ff22368e5e32ad74d5ef40403ab6895171a7fc6d34f6c17cfc0f1943",
                "sha256:1cb38df69362af35c14d4a50123b63c7ff18ec9a6d4d5da629a6f19d05e16ba8",
                "sha256:3b4560c3891b05022c464b09121bd507c477505a4e19d703e1027a3a7c68d896",
                "sha256:438a3faf5f702c8d0f80b9f9f9b8382cfa048ca6a0d64ef71b86b563b0ee0359",
                "sha256:4d32c8e3623a61d6e29ccd024066cd1ba556555abfb4cd714155020e00107e3f",
                "sha256:4d8077fd649ac40a5c4165f2c22fa2a4ad18c668e271ecb2f9d849d1017a9313",
                "sha256:62ec7ae98357fcd46002c110bb7cad15fce532776f0cbe7ca1d44c49b837d49d",
                "sha256:6eca36905444c4b91fe61f1b9933a47a30480738a1dd26501ff67d94fc2bc112",
                "sha256:7673e7473a13107059377c96c563aa36f73184c29d2926882e0a0210b779a1e7",
                "sha256:81762cf5fca9a82b53b7b2d0e6b420e0f3b06167b97678c81d00470daa622d58",
                "sha256:9b66e968da9c4393f5795285528bc862c7b97b91251f31a08004a3c626d18114",
                "sha256:b48401752496757e95304a46213c3155bc911ac884bed2e9b275ce1c1df3e293",
                "sha256:b6cf18f9e653a8077522bb3aa753a776b117e3e0cc872c25811cfdf1459491c2",
                "sha256:bb8adab1877e9213385cbb1adc297ed8337e01872c42a30cfaa66ff8c422779c",
                "sha256:cee9bc75bff455d317b6947081df0824a8f118de2786dc3d74a3503fd631f4ef",
                "sha256:d0dc1313dff48af64517cbbd85e046d6b477fbe5e9d69712801f024dcb08c62b",
                "sha256:e52e8f675ba0b2b417fa98579e7286a41a8e23871f17f4793772f5aa884fea79",
                "sha256:e87cc1acbebf263f308a8494272c2d42016aa33c32bf14d209c81e1f65e11868",
                "sha256:ea0091cd4100519cedfeea2c659f52291f535ac6725e2368bcf59e874f270efa",
                "sha256:eeb247f4f4d962942b3b555530b0c63b77473c7bfe475e51c6b75b7344b49ce3",
                "sha256:f0d4433adce6075efd24fc0285135248b0b50f5a58129c7e552030e04fe45c7f",
                "sha256:f1f3bd92f8e12dc22884935a73c9f94c4d9bd0d34410c456540713d6b7832b8c",
                "sha256:f5f302db65e2e0ae96e26670818157640d3ca83a3054c290eff3631598dcf819",
                "sha256:f7634d534662bbb08976db801ba27a112aee23e597eeaf09267b4575341e45bf",
                "sha256:fe6931db24716a0845bd8c8915bd096b77c2a7043e6fc59ae9ca364fe816f08b"
            ],
            "index": "pypi",
            "version": "==5.1.0"
        },
        "psycopg2-binary": {
            "hashes": [
                "sha256:036bcb198a7cc4ce0fe43344f8c2c9a8155aefa411633f426c8c6ed58a6c0426",
                "sha256:1d770fcc02cdf628aebac7404d56b28a7e9ebec8cfc0e63260bd54d6edfa16d4",
                "sha256:1fdc6f369dcf229de6c873522d54336af598b9470ccd5300e2f58ee506f5ca13",
                "sha256:21f9ddc0ff6e07f7d7b6b484eb9da2c03bc9931dd13e36796b111d631f7135a3",
                "sha256:247873cda726f7956f745a3e03158b00de79c4abea8776dc2f611d5ba368d72d",
                "sha256:3aa31c42f29f1da6f4fd41433ad15052d5ff045f2214002e027a321f79d64e2c",
                "sha256:475f694f87dbc619010b26de7d0fc575a4accf503f2200885cc21f526bffe2ad",
                "sha256:4b5e332a24bf6e2fda1f51ca2a57ae1083352293a08eeea1fa1112dc7dd542d1",
                "sha256:570d521660574aca40be7b4d532dfb6f156aad7b16b5ed62d1534f64f1ef72d8",
                "sha256:59072de7def0690dd13112d2bdb453e20570a97297070f876fbbb7cbc1c26b05",
                "sha256:5f0b658989e918ef187f8a08db0420528126f2c7da182a7b9f8bf7f85144d4e4",
                "sha256:649199c84a966917d86cdc2046e03d536763576c0b2a756059ae0b3a9656bc20",
                "sha256:6645fc9b4705ae8fbf1ef7674f416f89ae1559deec810f6dd15197dfa52893da",
                "sha256:6872dd54d4e398d781efe8fe2e2d7eafe4450d61b5c4898aced7610109a6df75",
                "sha256:6ce34fbc251fc0d691c8d131250ba6f42fd2b28ef28558d528ba8c558cb28804",
                "sha256:73920d167a0a4d1006f5f3b9a3efce6f0e5e883a99599d38206d43f27697df00",
                "sha256:8a671732b87ae423e34b51139628123bc0306c2cb85c226e71b28d3d57d7e42a",
                "sha256:8d517e8fda2efebca27c2018e14c90ed7dc3f04d7098b3da2912e62a1a5585fe",
                "sha256:9475a008eb7279e20d400c76471843c321b46acacc7ee3de0b47233a1e3fa2cf",
                "sha256:96947b8cd7b3148fb0e6549fcb31258a736595d6f2a599f8cd450e9a80a14781",
                "sha256:abf229f24daa93f67ac53e2e17c8798a71a01711eb9fcdd029abba8637164338",
                "sha256:b1ab012f276df584beb74f81acb63905762c25803ece647016613c3d6ad4e432",
                "sha256:b22b33f6f0071fe57cb4e9158f353c88d41e739a3ec0d76f7b704539e7076427",
                "sha256:b3b2d53274858e50ad2ffdd6d97ce1d014e1e530f82ec8b307edd5d4c921badf",
                "sha256:bab26a729befc7b9fab9ded1bba9c51b785188b79f8a2796ba03e7e734269e2e",
                "sha256:daa1a593629aa49f506eddc9d23dc7f89b35693b90e1fbcd4480182d1203ea90",
                "sha256:dd111280ce40e89fd17b19c1269fd1b74a30fce9d44a550840e86edb33924eb8",
                "sha256:e0b86084f1e2e78c451994410de756deba206884d6bed68d5a3d7f39ff5fea1d",
                "sha256:eb86520753560a7e89639500e2a254bb6f683342af598088cb72c73edcad21e6",
                "sha256:ff18c5c40a38d41811c23e2480615425c97ea81fd7e9118b8b899c512d97c737"
            ],
            "index": "pypi",
            "version": "==2.7.6.1"
        },
        "python-slugify": {
            "hashes": [
                "sha256:d3e034397236020498e677a35e5c05dcc6ba1624b608b9ef7e5fe3090ccbd5a8"
            ],
            "index": "pypi",
            "version": "==2.0.1"
        },
        "pytidylib": {
            "hashes": [
                "sha256:22b1c8d75970d8064ff999c2369e98af1d0685417eda4c829a5c9f56764b0af3"
            ],
            "index": "pypi",
            "version": "==0.3.2"
        },
        "pytz": {
            "hashes": [
                "sha256:32b0891edff07e28efe91284ed9c31e123d84bea3fd98e1f72be2508f43ef8d9",
                "sha256:d5f05e487007e29e03409f9398d074e158d920d36eb82eaf66fb1136b0c5374c"
            ],
            "version": "==2018.9"
        },
        "rcssmin": {
            "hashes": [
                "sha256:ca87b695d3d7864157773a61263e5abb96006e9ff0e021eff90cbe0e1ba18270"
            ],
            "version": "==1.0.6"
        },
        "rjsmin": {
            "hashes": [
                "sha256:dd9591aa73500b08b7db24367f8d32c6470021f39d5ab4e50c7c02e4401386f1"
            ],
            "version": "==1.0.12"
        },
        "six": {
            "hashes": [
                "sha256:3350809f0555b11f552448330d0b52d5f24c91a322ea4a15ef22629740f3761c",
                "sha256:d16a0141ec1a18405cd4ce8b4613101da75da0e9a7aec5bdd4fa804d0e0eba73"
            ],
            "version": "==1.12.0"
        },
        "unidecode": {
            "hashes": [
                "sha256:092cdf7ad9d1052c50313426a625b717dab52f7ac58f859e09ea020953b1ad8f",
                "sha256:8b85354be8fd0c0e10adbf0675f6dc2310e56fda43fa8fe049123b6c475e52fb"
            ],
            "version": "==1.0.23"
        },
        "urllib3": {
            "hashes": [
                "sha256:61bf29cada3fc2fbefad4fdf059ea4bd1b4a86d2b6d15e1c7c0b582b9752fe39",
                "sha256:de9529817c93f27c8ccbfead6985011db27bd0ddfcdb2d86f3f663385c6a9c22"
            ],
            "version": "==1.24.1"
        }
    },
    "develop": {}
}
